
Microsoft Visual Studio Solution File, Format Version 12.00
Project("{FAE04EC0-301F-11D3-BF4B-00C04F79EFBC}") = "PilpelKatom", "PilpelKatom\PilpelKatom.csproj", "{C6A90E86-FBEC-42AB-A3A4-22D172E01FE2}"
EndProject
Global
	GlobalSection(SolutionConfigurationPlatforms) = preSolution
		Debug|Any CPU = Debug|Any CPU
		Release|Any CPU = Release|Any CPU
	EndGlobalSection
	GlobalSection(ProjectConfigurationPlatforms) = postSolution
		{C6A90E86-FBEC-42AB-A3A4-22D172E01FE2}.Debug|Any CPU.ActiveCfg = Debug|Any CPU
		{C6A90E86-FBEC-42AB-A3A4-22D172E01FE2}.Debug|Any CPU.Build.0 = Debug|Any CPU
		{C6A90E86-FBEC-42AB-A3A4-22D172E01FE2}.Release|Any CPU.ActiveCfg = Release|Any CPU
		{C6A90E86-FBEC-42AB-A3A4-22D172E01FE2}.Release|Any CPU.Build.0 = Release|Any CPU
	EndGlobalSection
EndGlobal
